
Microsoft Visual Studio Solution File, Format Version 12.00
# Visual Studio 15
VisualStudioVersion = 15.0.28307.852
MinimumVisualStudioVersion = 10.0.40219.1
Project("{FAE04EC0-301F-11D3-BF4B-00C04F79EFBC}") = "Programacion 2 obligatorio", "Programacion 2 obligatorio\Programacion 2 obligatorio.csproj", "{BBC53080-63B7-425F-A629-B6C01F42B3DD}"
EndProject
Project("{FAE04EC0-301F-11D3-BF4B-00C04F79EFBC}") = "Dominio", "Dominio\Dominio.csproj", "{DF9B162B-312A-4D81-855D-6E87C2C3FFDF}"
EndProject
Global
	GlobalSection(SolutionConfigurationPlatforms) = preSolution
		Debug|Any CPU = Debug|Any CPU
		Release|Any CPU = Release|Any CPU
	EndGlobalSection
	GlobalSection(ProjectConfigurationPlatforms) = postSolution
		{BBC53080-63B7-425F-A629-B6C01F42B3DD}.Debug|Any CPU.ActiveCfg = Debug|Any CPU
		{BBC53080-63B7-425F-A629-B6C01F42B3DD}.Debug|Any CPU.Build.0 = Debug|Any CPU
		{BBC53080-63B7-425F-A629-B6C01F42B3DD}.Release|Any CPU.ActiveCfg = Release|Any CPU
		{BBC53080-63B7-425F-A629-B6C01F42B3DD}.Release|Any CPU.Build.0 = Release|Any CPU
		{DF9B162B-312A-4D81-855D-6E87C2C3FFDF}.Debug|Any CPU.ActiveCfg = Debug|Any CPU
		{DF9B162B-312A-4D81-855D-6E87C2C3FFDF}.Debug|Any CPU.Build.0 = Debug|Any CPU
		{DF9B162B-312A-4D81-855D-6E87C2C3FFDF}.Release|Any CPU.ActiveCfg = Release|Any CPU
		{DF9B162B-312A-4D81-855D-6E87C2C3FFDF}.Release|Any CPU.Build.0 = Release|Any CPU
	EndGlobalSection
	GlobalSection(SolutionProperties) = preSolution
		HideSolutionNode = FALSE
	EndGlobalSection
	GlobalSection(ExtensibilityGlobals) = postSolution
		SolutionGuid = {78241610-B5EF-4B65-A493-FD0E0DE8AD69}
	EndGlobalSection
EndGlobal
